schema: '2.0'
stages:
  prepare:
    cmd: python scripts/load_data.py
    deps:
    - path: scripts/load_data.py
      hash: md5
      md5: 286f84bdbbaff728d5095a5c109fd473
      size: 1802
    params:
      params.yaml:
        prepare.data_dir: data
        prepare.random_seed: 42
        prepare.test_size: 0.2
    outs:
    - path: data/test.csv
      hash: md5
      md5: 4bcf86ff63c2a4223937b3bbe31dd748
      size: 249017
    - path: data/train.csv
      hash: md5
      md5: dfb71fd4e0b430a31489d6a4aa63da80
      size: 999834
  clean:
    cmd: python scripts/clean_data.py
    deps:
    - path: data/raw_stream.csv
      hash: md5
      md5: d12555fe2ba28d871907afffe8743c52
      size: 101760
    - path: scripts/clean_data.py
      hash: md5
      md5: d528c1f5d31152275d6cf8f6e40547a9
      size: 2818
    params:
      params.yaml:
        clean.data_dir: data
        clean.max_words: 100
        clean.min_words: 10
    outs:
    - path: data/stream.csv
      hash: md5
      md5: b08f1697fe42e889e713f7b47a876848
      size: 85005
